{
  "name": "monde_unofficial",
  "version": "1.0.0",
  "lockfileVersion": 1,
  "requires": true,
  "dependencies": {
    "dom-parser": {
      "version": "0.1.5",
      "resolved": "https://registry.npmjs.org/dom-parser/-/dom-parser-0.1.5.tgz",
      "integrity": "sha1-pPYBn5oxW3XXQoqqfMv1vYWeFvs="
    },
    "html-entities": {
      "version": "1.2.1",
      "resolved": "https://registry.npmjs.org/html-entities/-/html-entities-1.2.1.tgz",
      "integrity": "sha1-DfKTUfByEWNRXfueVUPl9u7VFi8="
    }
  }
}
